
Microsoft Visual Studio Solution File, Format Version 12.00
Project("{2150E333-8FDC-42A3-9474-1A3956D46DE8}") = "CouplesService", "CouplesService", "{63DB8224-1679-4ECA-84B3-4285E3035724}"
EndProject
Project("{FAE04EC0-301F-11D3-BF4B-00C04F79EFBC}") = "CouplesService.Domain", "src\CouplesService\CouplesService.Domain\CouplesService.Domain.csproj", "{515085EF-8EAF-4475-BD83-D545FBB49703}"
EndProject
Project("{FAE04EC0-301F-11D3-BF4B-00C04F79EFBC}") = "CouplesService.Infrastructure", "src\CouplesService\CouplesService.Infrastructure\CouplesService.Infrastructure.csproj", "{BD5D951B-08A7-4B6F-880C-B94A0EE32B4C}"
EndProject
Project("{FAE04EC0-301F-11D3-BF4B-00C04F79EFBC}") = "CouplesService.Application", "src\CouplesService\CouplesService.Application\CouplesService.Application.csproj", "{FE9207B6-0B9B-4548-BDFD-E5AB4999EB55}"
EndProject
Project("{FAE04EC0-301F-11D3-BF4B-00C04F79EFBC}") = "CouplesService.WebAPI", "src\CouplesService\CouplesService.WebAPI\CouplesService.WebAPI.csproj", "{9438EED3-64FF-4A03-A8FA-08FEE130C1F1}"
EndProject
Project("{FAE04EC0-301F-11D3-BF4B-00C04F79EFBC}") = "LoveCouples.Domain", "src\LoveCouples.Domain\LoveCouples.Domain.csproj", "{52DC2BD8-3AB6-4331-8E7C-5554CB575F83}"
EndProject
Project("{FAE04EC0-301F-11D3-BF4B-00C04F79EFBC}") = "LoveCouples.Infrastructure", "src\LoveCouples.Infrastructure\LoveCouples.Infrastructure.csproj", "{2D730F9A-C31A-49C9-ACB8-C538256638F4}"
EndProject
Project("{FAE04EC0-301F-11D3-BF4B-00C04F79EFBC}") = "LoveCouples.Application", "src\LoveCouples.Application\LoveCouples.Application.csproj", "{B6762CF1-B9F7-49D2-83C5-5CE613DA0C69}"
EndProject
Project("{2150E333-8FDC-42A3-9474-1A3956D46DE8}") = "Solution Items", "Solution Items", "{ADE3061D-EDD6-4D35-8CC1-E0D222C91AEE}"
	ProjectSection(SolutionItems) = preProject
		compose.yaml = compose.yaml
	EndProjectSection
EndProject
Global
	GlobalSection(SolutionConfigurationPlatforms) = preSolution
		Debug|Any CPU = Debug|Any CPU
		Release|Any CPU = Release|Any CPU
	EndGlobalSection
	GlobalSection(ProjectConfigurationPlatforms) = postSolution
		{515085EF-8EAF-4475-BD83-D545FBB49703}.Debug|Any CPU.ActiveCfg = Debug|Any CPU
		{515085EF-8EAF-4475-BD83-D545FBB49703}.Debug|Any CPU.Build.0 = Debug|Any CPU
		{515085EF-8EAF-4475-BD83-D545FBB49703}.Release|Any CPU.ActiveCfg = Release|Any CPU
		{515085EF-8EAF-4475-BD83-D545FBB49703}.Release|Any CPU.Build.0 = Release|Any CPU
		{BD5D951B-08A7-4B6F-880C-B94A0EE32B4C}.Debug|Any CPU.ActiveCfg = Debug|Any CPU
		{BD5D951B-08A7-4B6F-880C-B94A0EE32B4C}.Debug|Any CPU.Build.0 = Debug|Any CPU
		{BD5D951B-08A7-4B6F-880C-B94A0EE32B4C}.Release|Any CPU.ActiveCfg = Release|Any CPU
		{BD5D951B-08A7-4B6F-880C-B94A0EE32B4C}.Release|Any CPU.Build.0 = Release|Any CPU
		{FE9207B6-0B9B-4548-BDFD-E5AB4999EB55}.Debug|Any CPU.ActiveCfg = Debug|Any CPU
		{FE9207B6-0B9B-4548-BDFD-E5AB4999EB55}.Debug|Any CPU.Build.0 = Debug|Any CPU
		{FE9207B6-0B9B-4548-BDFD-E5AB4999EB55}.Release|Any CPU.ActiveCfg = Release|Any CPU
		{FE9207B6-0B9B-4548-BDFD-E5AB4999EB55}.Release|Any CPU.Build.0 = Release|Any CPU
		{9438EED3-64FF-4A03-A8FA-08FEE130C1F1}.Debug|Any CPU.ActiveCfg = Debug|Any CPU
		{9438EED3-64FF-4A03-A8FA-08FEE130C1F1}.Debug|Any CPU.Build.0 = Debug|Any CPU
		{9438EED3-64FF-4A03-A8FA-08FEE130C1F1}.Release|Any CPU.ActiveCfg = Release|Any CPU
		{9438EED3-64FF-4A03-A8FA-08FEE130C1F1}.Release|Any CPU.Build.0 = Release|Any CPU
		{52DC2BD8-3AB6-4331-8E7C-5554CB575F83}.Debug|Any CPU.ActiveCfg = Debug|Any CPU
		{52DC2BD8-3AB6-4331-8E7C-5554CB575F83}.Debug|Any CPU.Build.0 = Debug|Any CPU
		{52DC2BD8-3AB6-4331-8E7C-5554CB575F83}.Release|Any CPU.ActiveCfg = Release|Any CPU
		{52DC2BD8-3AB6-4331-8E7C-5554CB575F83}.Release|Any CPU.Build.0 = Release|Any CPU
		{2D730F9A-C31A-49C9-ACB8-C538256638F4}.Debug|Any CPU.ActiveCfg = Debug|Any CPU
		{2D730F9A-C31A-49C9-ACB8-C538256638F4}.Debug|Any CPU.Build.0 = Debug|Any CPU
		{2D730F9A-C31A-49C9-ACB8-C538256638F4}.Release|Any CPU.ActiveCfg = Release|Any CPU
		{2D730F9A-C31A-49C9-ACB8-C538256638F4}.Release|Any CPU.Build.0 = Release|Any CPU
		{82A6EF5B-5806-4417-81C7-FEE8AC621D86}.Debug|Any CPU.ActiveCfg = Debug|Any CPU
		{82A6EF5B-5806-4417-81C7-FEE8AC621D86}.Debug|Any CPU.Build.0 = Debug|Any CPU
		{82A6EF5B-5806-4417-81C7-FEE8AC621D86}.Release|Any CPU.ActiveCfg = Release|Any CPU
		{82A6EF5B-5806-4417-81C7-FEE8AC621D86}.Release|Any CPU.Build.0 = Release|Any CPU
		{B6762CF1-B9F7-49D2-83C5-5CE613DA0C69}.Debug|Any CPU.ActiveCfg = Debug|Any CPU
		{B6762CF1-B9F7-49D2-83C5-5CE613DA0C69}.Debug|Any CPU.Build.0 = Debug|Any CPU
		{B6762CF1-B9F7-49D2-83C5-5CE613DA0C69}.Release|Any CPU.ActiveCfg = Release|Any CPU
		{B6762CF1-B9F7-49D2-83C5-5CE613DA0C69}.Release|Any CPU.Build.0 = Release|Any CPU
	EndGlobalSection
	GlobalSection(NestedProjects) = preSolution
		{515085EF-8EAF-4475-BD83-D545FBB49703} = {63DB8224-1679-4ECA-84B3-4285E3035724}
		{BD5D951B-08A7-4B6F-880C-B94A0EE32B4C} = {63DB8224-1679-4ECA-84B3-4285E3035724}
		{FE9207B6-0B9B-4548-BDFD-E5AB4999EB55} = {63DB8224-1679-4ECA-84B3-4285E3035724}
		{9438EED3-64FF-4A03-A8FA-08FEE130C1F1} = {63DB8224-1679-4ECA-84B3-4285E3035724}
	EndGlobalSection
EndGlobal
